// !$*UTF8*$!
{
	archiveVersion = 1;
	classes = {
	};
	objectVersion = 46;
	objects = {

/* Begin PBXBuildFile section */
		A2DB4FF51EDEAEA5001E2F11 /* main.swift in Sources */ = {isa = PBXBuildFile; fileRef = A2DB4FF41EDEAEA5001E2F11 /* main.swift */; };
		A2DB4FFD1EDEAEF3001E2F11 /* Program.swift in Sources */ = {isa = PBXBuildFile; fileRef = A2DB4FFB1EDEAEF3001E2F11 /* Program.swift */; };
		A2DB4FFE1EDEAEF3001E2F11 /* Student.swift in Sources */ = {isa = PBXBuildFile; fileRef = A2DB4FFC1EDEAEF3001E2F11 /* Student.swift */; };
/* End PBXBuildFile section */

/* Begin PBXCopyFilesBuildPhase section */
		A2DB4FEF1EDEAEA5001E2F11 /* CopyFiles */ = {
			isa = PBXCopyFilesBuildPhase;
			buildActionMask = 2147483647;
			dstPath = /usr/share/man/man1/;
			dstSubfolderSpec = 0;
			files = (
			);
			runOnlyForDeploymentPostprocessing = 1;
		};
/* End PBXCopyFilesBuildPhase section */

/* Begin PBXFileReference section */
		A2DB4FF11EDEAEA5001E2F11 /* BCHomework */ = {isa = PBXFileReference; explicitFileType = "compiled.mach-o.executable"; includeInIndex = 0; path = BCHomework; sourceTree = BUILT_PRODUCTS_DIR; };
		A2DB4FF41EDEAEA5001E2F11 /* main.swift */ = {isa = PBXFileReference; lastKnownFileType = sourcecode.swift; path = main.swift; sourceTree = "<group>"; };
		A2DB4FFB1EDEAEF3001E2F11 /* Program.swift */ = {isa = PBXFileReference; fileEncoding = 4; lastKnownFileType = sourcecode.swift; path = Program.swift; sourceTree = "<group>"; };
		A2DB4FFC1EDEAEF3001E2F11 /* Student.swift */ = {isa = PBXFileReference; fileEncoding = 4; lastKnownFileType = sourcecode.swift; path = Student.swift; sourceTree = "<group>"; };
/* End PBXFileReference section */

/* Begin PBXFrameworksBuildPhase section */
		A2DB4FEE1EDEAEA5001E2F11 /* Frameworks */ = {
			isa = PBXFrameworksBuildPhase;
			buildActionMask = 2147483647;
			files = (
			);
			runOnlyForDeploymentPostprocessing = 0;
		};
/* End PBXFrameworksBuildPhase section */

/* Begin PBXGroup section */
		A2DB4FE81EDEAEA5001E2F11 = {
			isa = PBXGroup;
			children = (
				A2DB4FF31EDEAEA5001E2F11 /* BCHomework */,
				A2DB4FF21EDEAEA5001E2F11 /* Products */,
			);
			sourceTree = "<group>";
		};
		A2DB4FF21EDEAEA5001E2F11 /* Products */ = {
			isa = PBXGroup;
			children = (
				A2DB4FF11EDEAEA5001E2F11 /* BCHomework */,
			);
			name = Products;
			sourceTree = "<group>";
		};
		A2DB4FF31EDEAEA5001E2F11 /* BCHomework */ = {
			isa = PBXGroup;
			children = (
				A2DB4FFB1EDEAEF3001E2F11 /* Program.swift */,
				A2DB4FFC1EDEAEF3001E2F11 /* Student.swift */,
				A2DB4FF41EDEAEA5001E2F11 /* main.swift */,
			);
			path = BCHomework;
			sourceTree = "<group>";
		};
/* End PBXGroup section */

/* Begin PBXNativeTarget section */
		A2DB4FF01EDEAEA5001E2F11 /* BCHomework */ = {
			isa = PBXNativeTarget;
			buildConfigurationList = A2DB4FF81EDEAEA5001E2F11 /* Build configuration list for PBXNativeTarget "BCHomework" */;
			buildPhases = (
				A2DB4FED1EDEAEA5001E2F11 /* Sources */,
				A2DB4FEE1EDEAEA5001E2F11 /* Frameworks */,
				A2DB4FEF1EDEAEA5001E2F11 /* CopyFiles */,
			);
			buildRules = (
			);
			dependencies = (
			);
			name = BCHomework;
			productName = BCHomework;
			productReference = A2DB4FF11EDEAEA5001E2F11 /* BCHomework */;
			productType = "com.apple.product-type.tool";
		};
/* End PBXNativeTarget section */

/* Begin PBXProject section */
		A2DB4FE91EDEAEA5001E2F11 /* Project object */ = {
			isa = PBXProject;
			attributes = {
				LastSwiftUpdateCheck = 0830;
				LastUpgradeCheck = 0830;
				ORGANIZATIONNAME = "김성준";
				TargetAttributes = {
					A2DB4FF01EDEAEA5001E2F11 = {
						CreatedOnToolsVersion = 8.3.2;
						DevelopmentTeam = 545YH7RGRQ;
						ProvisioningStyle = Automatic;
					};
				};
			};
			buildConfigurationList = A2DB4FEC1EDEAEA5001E2F11 /* Build configuration list for PBXProject "BCHomework" */;
			compatibilityVersion = "Xcode 3.2";
			developmentRegion = English;
			hasScannedForEncodings = 0;
			knownRegions = (
				en,
			);
			mainGroup = A2DB4FE81EDEAEA5001E2F11;
			productRefGroup = A2DB4FF21EDEAEA5001E2F11 /* Products */;
			projectDirPath = "";
			projectRoot = "";
			targets = (
				A2DB4FF01EDEAEA5001E2F11 /* BCHomework */,
			);
		};
/* End PBXProject section */

/* Begin PBXSourcesBuildPhase section */
		A2DB4FED1EDEAEA5001E2F11 /* Sources */ = {
			isa = PBXSourcesBuildPhase;
			buildActionMask = 2147483647;
			files = (
				A2DB4FFD1EDEAEF3001E2F11 /* Program.swift in Sources */,
				A2DB4FFE1EDEAEF3001E2F11 /* Student.swift in Sources */,
				A2DB4FF51EDEAEA5001E2F11 /* main.swift in Sources */,
			);
			runOnlyForDeploymentPostprocessing = 0;
		};
/* End PBXSourcesBuildPhase section */

/* Begin XCBuildConfiguration section */
		A2DB4FF61EDEAEA5001E2F11 /* Debug */ = {
			isa = XCBuildConfiguration;
			buildSettings = {
				ALWAYS_SEARCH_USER_PATHS = NO;
				CLANG_ANALYZER_NONNULL = YES;
				CLANG_ANALYZER_NUMBER_OBJECT_CONVERSION = YES_AGGRESSIVE;
				CLANG_CXX_LANGUAGE_STANDARD = "gnu++0x";
				CLANG_CXX_LIBRARY = "libc++";
				CLANG_ENABLE_MODULES = YES;
				CLANG_ENABLE_OBJC_ARC = YES;
				CLANG_WARN_BOOL_CONVERSION = YES;
				CLANG_WARN_CONSTANT_CONVERSION = YES;
				CLANG_WARN_DIRECT_OBJC_ISA_USAGE = YES_ERROR;
				CLANG_WARN_DOCUMENTATION_COMMENTS = YES;
				CLANG_WARN_EMPTY_BODY = YES;
				CLANG_WARN_ENUM_CONVERSION = YES;
				CLANG_WARN_INFINITE_RECURSION = YES;
				CLANG_WARN_INT_CONVERSION = YES;
				CLANG_WARN_OBJC_ROOT_CLASS = YES_ERROR;
				CLANG_WARN_SUSPICIOUS_MOVE = YES;
				CLANG_WARN_UNREACHABLE_CODE = YES;
				CLANG_WARN__DUPLICATE_METHOD_MATCH = YES;
				CODE_SIGN_IDENTITY = "-";
				COPY_PHASE_STRIP = NO;
				DEBUG_INFORMATION_FORMAT = dwarf;
				ENABLE_STRICT_OBJC_MSGSEND = YES;
				ENABLE_TESTABILITY = YES;
				GCC_C_LANGUAGE_STANDARD = gnu99;
				GCC_DYNAMIC_NO_PIC = NO;
				GCC_NO_COMMON_BLOCKS = YES;
				GCC_OPTIMIZATION_LEVEL = 0;
				GCC_PREPROCESSOR_DEFINITIONS = (
					"DEBUG=1",
					"$(inherited)",
				);
				GCC_WARN_64_TO_32_BIT_CONVERSION = YES;
				GCC_WARN_ABOUT_RETURN_TYPE = YES_ERROR;
				GCC_WARN_UNDECLARED_SELECTOR = YES;
				GCC_WARN_UNINITIALIZED_AUTOS = YES_AGGRESSIVE;
				GCC_WARN_UNUSED_FUNCTION = YES;
				GCC_WARN_UNUSED_VARIABLE = YES;
				MACOSX_DEPLOYMENT_TARGET = 10.12;
				MTL_ENABLE_DEBUG_INFO = YES;
				ONLY_ACTIVE_ARCH = YES;
				SDKROOT = macosx;
				SWIFT_OPTIMIZATION_LEVEL = "-Onone";
			};
			name = Debug;
		};
		A2DB4FF71EDEAEA5001E2F11 /* Release */ = {
			isa = XCBuildConfiguration;
			buildSettings = {
				ALWAYS_SEARCH_USER_PATHS = NO;
				CLANG_ANALYZER_NONNULL = YES;
				CLANG_ANALYZER_NUMBER_OBJECT_CONVERSION = YES_AGGRESSIVE;
				CLANG_CXX_LANGUAGE_STANDARD = "gnu++0x";
				CLANG_CXX_LIBRARY = "libc++";
				CLANG_ENABLE_MODULES = YES;
				CLANG_ENABLE_OBJC_ARC = YES;
				CLANG_WARN_BOOL_CONVERSION = YES;
				CLANG_WARN_CONSTANT_CONVERSION = YES;
				CLANG_WARN_DIRECT_OBJC_ISA_USAGE = YES_ERROR;
				CLANG_WARN_DOCUMENTATION_COMMENTS = YES;
				CLANG_WARN_EMPTY_BODY = YES;
				CLANG_WARN_ENUM_CONVERSION = YES;
				CLANG_WARN_INFINITE_RECURSION = YES;
				CLANG_WARN_INT_CONVERSION = YES;
				CLANG_WARN_OBJC_ROOT_CLASS = YES_ERROR;
				CLANG_WARN_SUSPICIOUS_MOVE = YES;
				CLANG_WARN_UNREACHABLE_CODE = YES;
				CLANG_WARN__DUPLICATE_METHOD_MATCH = YES;
				CODE_SIGN_IDENTITY = "-";
				COPY_PHASE_STRIP = NO;
				DEBUG_INFORMATION_FORMAT = "dwarf-with-dsym";
				ENABLE_NS_ASSERTIONS = NO;
				ENABLE_STRICT_OBJC_MSGSEND = YES;
				GCC_C_LANGUAGE_STANDARD = gnu99;
				GCC_NO_COMMON_BLOCKS = YES;
				GCC_WARN_64_TO_32_BIT_CONVERSION = YES;
				GCC_WARN_ABOUT_RETURN_TYPE = YES_ERROR;
				GCC_WARN_UNDECLARED_SELECTOR = YES;
				GCC_WARN_UNINITIALIZED_AUTOS = YES_AGGRESSIVE;
				GCC_WARN_UNUSED_FUNCTION = YES;
				GCC_WARN_UNUSED_VARIABLE = YES;
				MACOSX_DEPLOYMENT_TARGET = 10.12;
				MTL_ENABLE_DEBUG_INFO = NO;
				SDKROOT = macosx;
			};
			name = Release;
		};
		A2DB4FF91EDEAEA5001E2F11 /* Debug */ = {
			isa = XCBuildConfiguration;
			buildSettings = {
				DEVELOPMENT_TEAM = 545YH7RGRQ;
				PRODUCT_NAME = "$(TARGET_NAME)";
				SWIFT_VERSION = 3.0;
			};
			name = Debug;
		};
		A2DB4FFA1EDEAEA5001E2F11 /* Release */ = {
			isa = XCBuildConfiguration;
			buildSettings = {
				DEVELOPMENT_TEAM = 545YH7RGRQ;
				PRODUCT_NAME = "$(TARGET_NAME)";
				SWIFT_VERSION = 3.0;
			};
			name = Release;
		};
/* End XCBuildConfiguration section */

/* Begin XCConfigurationList section */
		A2DB4FEC1EDEAEA5001E2F11 /* Build configuration list for PBXProject "BCHomework" */ = {
			isa = XCConfigurationList;
			buildConfigurations = (
				A2DB4FF61EDEAEA5001E2F11 /* Debug */,
				A2DB4FF71EDEAEA5001E2F11 /* Release */,
			);
			defaultConfigurationIsVisible = 0;
			defaultConfigurationName = Release;
		};
		A2DB4FF81EDEAEA5001E2F11 /* Build configuration list for PBXNativeTarget "BCHomework" */ = {
			isa = XCConfigurationList;
			buildConfigurations = (
				A2DB4FF91EDEAEA5001E2F11 /* Debug */,
				A2DB4FFA1EDEAEA5001E2F11 /* Release */,
			);
			defaultConfigurationIsVisible = 0;
		};
/* End XCConfigurationList section */
	};
	rootObject = A2DB4FE91EDEAEA5001E2F11 /* Project object */;
}
